Microsoft Visual Studio Solution File, Format Version 12.00
# Visual Studio 2012
Project("{FAE04EC0-301F-11D3-BF4B-00C04F79EFBC}") = "Reanim转换插件", "Reanim转换插件.csproj", "{CFE738AF-8A26-4DA6-9536-61DC288BAB37}"
EndProject
Global
	GlobalSection(SolutionConfigurationPlatforms) = preSolution
	Debug|Any CPU = Debug|Any CPU
	ExportDebug|Any CPU = ExportDebug|Any CPU
	ExportRelease|Any CPU = ExportRelease|Any CPU
	EndGlobalSection
	GlobalSection(ProjectConfigurationPlatforms) = postSolution
		{CFE738AF-8A26-4DA6-9536-61DC288BAB37}.Debug|Any CPU.ActiveCfg = Debug|Any CPU
		{CFE738AF-8A26-4DA6-9536-61DC288BAB37}.Debug|Any CPU.Build.0 = Debug|Any CPU
		{CFE738AF-8A26-4DA6-9536-61DC288BAB37}.ExportDebug|Any CPU.ActiveCfg = ExportDebug|Any CPU
		{CFE738AF-8A26-4DA6-9536-61DC288BAB37}.ExportDebug|Any CPU.Build.0 = ExportDebug|Any CPU
		{CFE738AF-8A26-4DA6-9536-61DC288BAB37}.ExportRelease|Any CPU.ActiveCfg = ExportRelease|Any CPU
		{CFE738AF-8A26-4DA6-9536-61DC288BAB37}.ExportRelease|Any CPU.Build.0 = ExportRelease|Any CPU
	EndGlobalSection
EndGlobal
